// !$*UTF8*$!
{
	archiveVersion = 1;
	classes = {
	};
	objectVersion = 46;
	objects = {

/* Begin PBXBuildFile section */
		118F18EA30BE96A546861BDF /* Pods_pgorate.framework in Frameworks */ = {isa = PBXBuildFile; fileRef = 190A0CFD675575730A89E1F4 /* Pods_pgorate.framework */; };
		DD0A437A1D455D2C005A8A24 /* PokemonData.storyboard in Resources */ = {isa = PBXBuildFile; fileRef = DD0A43791D455D2C005A8A24 /* PokemonData.storyboard */; };
		DD0A437C1D456035005A8A24 /* PokemonDataTableViewController.swift in Sources */ = {isa = PBXBuildFile; fileRef = DD0A437B1D456035005A8A24 /* PokemonDataTableViewController.swift */; };
		DD0A437E1D45637A005A8A24 /* PokemonDataViewController.swift in Sources */ = {isa = PBXBuildFile; fileRef = DD0A437D1D45637A005A8A24 /* PokemonDataViewController.swift */; };
		DD0A43801D456B1C005A8A24 /* PokemonTableViewCell.swift in Sources */ = {isa = PBXBuildFile; fileRef = DD0A437F1D456B1C005A8A24 /* PokemonTableViewCell.swift */; };
		DDA6C8801D4525CC00625073 /* AppDelegate.swift in Sources */ = {isa = PBXBuildFile; fileRef = DDA6C87F1D4525CC00625073 /* AppDelegate.swift */; };
		DDA6C8821D4525CC00625073 /* ViewController.swift in Sources */ = {isa = PBXBuildFile; fileRef = DDA6C8811D4525CC00625073 /* ViewController.swift */; };
		DDA6C8851D4525CC00625073 /* Main.storyboard in Resources */ = {isa = PBXBuildFile; fileRef = DDA6C8831D4525CC00625073 /* Main.storyboard */; };
		DDA6C8871D4525CC00625073 /* Assets.xcassets in Resources */ = {isa = PBXBuildFile; fileRef = DDA6C8861D4525CC00625073 /* Assets.xcassets */; };
		DDA6C88A1D4525CC00625073 /* LaunchScreen.storyboard in Resources */ = {isa = PBXBuildFile; fileRef = DDA6C8881D4525CC00625073 /* LaunchScreen.storyboard */; };
		DDACB2AD1D4545D400B1E049 /* ViewController+Auth+PGOApi.swift in Sources */ = {isa = PBXBuildFile; fileRef = DDACB2AC1D4545D400B1E049 /* ViewController+Auth+PGOApi.swift */; };
		DDFD696D1D527B5D00DABE34 /* SettingsViewController.swift in Sources */ = {isa = PBXBuildFile; fileRef = DDFD696C1D527B5D00DABE34 /* SettingsViewController.swift */; };
		DDFD696F1D5285DF00DABE34 /* UserDefaultsKeys.swift in Sources */ = {isa = PBXBuildFile; fileRef = DDFD696E1D5285DF00DABE34 /* UserDefaultsKeys.swift */; };
		DDFD69711D53BFFC00DABE34 /* PokemonDataTableViewController+PGoApiDeligate.swift in Sources */ = {isa = PBXBuildFile; fileRef = DDFD69701D53BFFC00DABE34 /* PokemonDataTableViewController+PGoApiDeligate.swift */; };
/* End PBXBuildFile section */

/* Begin PBXFileReference section */
		190A0CFD675575730A89E1F4 /* Pods_pgorate.framework */ = {isa = PBXFileReference; explicitFileType = wrapper.framework; includeInIndex = 0; path = Pods_pgorate.framework; sourceTree = BUILT_PRODUCTS_DIR; };
		3D29997F3666A4AC18821FBD /* Pods-pgorate.release.xcconfig */ = {isa = PBXFileReference; includeInIndex = 1; lastKnownFileType = text.xcconfig; name = "Pods-pgorate.release.xcconfig"; path = "Pods/Target Support Files/Pods-pgorate/Pods-pgorate.release.xcconfig"; sourceTree = "<group>"; };
		A5DB97610363581C41845D82 /* Pods-pgorate.debug.xcconfig */ = {isa = PBXFileReference; includeInIndex = 1; lastKnownFileType = text.xcconfig; name = "Pods-pgorate.debug.xcconfig"; path = "Pods/Target Support Files/Pods-pgorate/Pods-pgorate.debug.xcconfig"; sourceTree = "<group>"; };
		DD0A43791D455D2C005A8A24 /* PokemonData.storyboard */ = {isa = PBXFileReference; fileEncoding = 4; lastKnownFileType = file.storyboard; path = PokemonData.storyboard; sourceTree = "<group>"; };
		DD0A437B1D456035005A8A24 /* PokemonDataTableViewController.swift */ = {isa = PBXFileReference; fileEncoding = 4; lastKnownFileType = sourcecode.swift; path = PokemonDataTableViewController.swift; sourceTree = "<group>"; };
		DD0A437D1D45637A005A8A24 /* PokemonDataViewController.swift */ = {isa = PBXFileReference; fileEncoding = 4; lastKnownFileType = sourcecode.swift; path = PokemonDataViewController.swift; sourceTree = "<group>"; };
		DD0A437F1D456B1C005A8A24 /* PokemonTableViewCell.swift */ = {isa = PBXFileReference; fileEncoding = 4; lastKnownFileType = sourcecode.swift; path = PokemonTableViewCell.swift; sourceTree = "<group>"; };
		DDA6C87C1D4525CC00625073 /* PokéRate.app */ = {isa = PBXFileReference; explicitFileType = wrapper.application; includeInIndex = 0; path = "PokéRate.app"; sourceTree = BUILT_PRODUCTS_DIR; };
		DDA6C87F1D4525CC00625073 /* AppDelegate.swift */ = {isa = PBXFileReference; lastKnownFileType = sourcecode.swift; path = AppDelegate.swift; sourceTree = "<group>"; };
		DDA6C8811D4525CC00625073 /* ViewController.swift */ = {isa = PBXFileReference; lastKnownFileType = sourcecode.swift; path = ViewController.swift; sourceTree = "<group>"; };
		DDA6C8841D4525CC00625073 /* Base */ = {isa = PBXFileReference; lastKnownFileType = file.storyboard; name = Base; path = Base.lproj/Main.storyboard; sourceTree = "<group>"; };
		DDA6C8861D4525CC00625073 /* Assets.xcassets */ = {isa = PBXFileReference; lastKnownFileType = folder.assetcatalog; path = Assets.xcassets; sourceTree = "<group>"; };
		DDA6C8891D4525CC00625073 /* Base */ = {isa = PBXFileReference; lastKnownFileType = file.storyboard; name = Base; path = Base.lproj/LaunchScreen.storyboard; sourceTree = "<group>"; };
		DDA6C88B1D4525CC00625073 /* Info.plist */ = {isa = PBXFileReference; lastKnownFileType = text.plist.xml; path = Info.plist; sourceTree = "<group>"; };
		DDACB2AC1D4545D400B1E049 /* ViewController+Auth+PGOApi.swift */ = {isa = PBXFileReference; fileEncoding = 4; lastKnownFileType = sourcecode.swift; path = "ViewController+Auth+PGOApi.swift"; sourceTree = "<group>"; };
		DDFD696C1D527B5D00DABE34 /* SettingsViewController.swift */ = {isa = PBXFileReference; fileEncoding = 4; lastKnownFileType = sourcecode.swift; path = SettingsViewController.swift; sourceTree = "<group>"; };
		DDFD696E1D5285DF00DABE34 /* UserDefaultsKeys.swift */ = {isa = PBXFileReference; fileEncoding = 4; lastKnownFileType = sourcecode.swift; path = UserDefaultsKeys.swift; sourceTree = "<group>"; };
		DDFD69701D53BFFC00DABE34 /* PokemonDataTableViewController+PGoApiDeligate.swift */ = {isa = PBXFileReference; fileEncoding = 4; lastKnownFileType = sourcecode.swift; path = "PokemonDataTableViewController+PGoApiDeligate.swift"; sourceTree = "<group>"; };
/* End PBXFileReference section */

/* Begin PBXFrameworksBuildPhase section */
		DDA6C8791D4525CC00625073 /* Frameworks */ = {
			isa = PBXFrameworksBuildPhase;
			buildActionMask = 2147483647;
			files = (
				118F18EA30BE96A546861BDF /* Pods_pgorate.framework in Frameworks */,
			);
			runOnlyForDeploymentPostprocessing = 0;
		};
/* End PBXFrameworksBuildPhase section */

/* Begin PBXGroup section */
		54E9E6EB85C0FBD2FF60AB41 /* Pods */ = {
			isa = PBXGroup;
			children = (
				A5DB97610363581C41845D82 /* Pods-pgorate.debug.xcconfig */,
				3D29997F3666A4AC18821FBD /* Pods-pgorate.release.xcconfig */,
			);
			name = Pods;
			sourceTree = "<group>";
		};
		9F843D79955FD2DF5D752570 /* Frameworks */ = {
			isa = PBXGroup;
			children = (
				190A0CFD675575730A89E1F4 /* Pods_pgorate.framework */,
			);
			name = Frameworks;
			sourceTree = "<group>";
		};
		DDA6C8731D4525CC00625073 = {
			isa = PBXGroup;
			children = (
				DDA6C87E1D4525CC00625073 /* pgorate */,
				DDA6C87D1D4525CC00625073 /* Products */,
				54E9E6EB85C0FBD2FF60AB41 /* Pods */,
				9F843D79955FD2DF5D752570 /* Frameworks */,
			);
			sourceTree = "<group>";
		};
		DDA6C87D1D4525CC00625073 /* Products */ = {
			isa = PBXGroup;
			children = (
				DDA6C87C1D4525CC00625073 /* PokéRate.app */,
			);
			name = Products;
			sourceTree = "<group>";
		};
		DDA6C87E1D4525CC00625073 /* pgorate */ = {
			isa = PBXGroup;
			children = (
				DDA6C87F1D4525CC00625073 /* AppDelegate.swift */,
				DDA6C8811D4525CC00625073 /* ViewController.swift */,
				DDA6C8831D4525CC00625073 /* Main.storyboard */,
				DDA6C8861D4525CC00625073 /* Assets.xcassets */,
				DDA6C8881D4525CC00625073 /* LaunchScreen.storyboard */,
				DDA6C88B1D4525CC00625073 /* Info.plist */,
				DDACB2AC1D4545D400B1E049 /* ViewController+Auth+PGOApi.swift */,
				DD0A43791D455D2C005A8A24 /* PokemonData.storyboard */,
				DD0A437B1D456035005A8A24 /* PokemonDataTableViewController.swift */,
				DD0A437D1D45637A005A8A24 /* PokemonDataViewController.swift */,
				DD0A437F1D456B1C005A8A24 /* PokemonTableViewCell.swift */,
				DDFD696C1D527B5D00DABE34 /* SettingsViewController.swift */,
				DDFD696E1D5285DF00DABE34 /* UserDefaultsKeys.swift */,
				DDFD69701D53BFFC00DABE34 /* PokemonDataTableViewController+PGoApiDeligate.swift */,
			);
			path = pgorate;
			sourceTree = "<group>";
		};
/* End PBXGroup section */

/* Begin PBXNativeTarget section */
		DDA6C87B1D4525CC00625073 /* pgorate */ = {
			isa = PBXNativeTarget;
			buildConfigurationList = DDA6C88E1D4525CC00625073 /* Build configuration list for PBXNativeTarget "pgorate" */;
			buildPhases = (
				182B6F00B1BD0B57403D12EF /* [CP] Check Pods Manifest.lock */,
				DDA6C8781D4525CC00625073 /* Sources */,
				DDA6C8791D4525CC00625073 /* Frameworks */,
				DDA6C87A1D4525CC00625073 /* Resources */,
				6507C7A8801E5280A1C77B13 /* [CP] Embed Pods Frameworks */,
				51C7D76E894970287462A5A8 /* [CP] Copy Pods Resources */,
			);
			buildRules = (
			);
			dependencies = (
			);
			name = pgorate;
			productName = pgorate;
			productReference = DDA6C87C1D4525CC00625073 /* PokéRate.app */;
			productType = "com.apple.product-type.application";
		};
/* End PBXNativeTarget section */

/* Begin PBXProject section */
		DDA6C8741D4525CC00625073 /* Project object */ = {
			isa = PBXProject;
			attributes = {
				LastSwiftUpdateCheck = 0730;
				LastUpgradeCheck = 0730;
				ORGANIZATIONNAME = "Rowell Heria";
				TargetAttributes = {
					DDA6C87B1D4525CC00625073 = {
						CreatedOnToolsVersion = 7.3.1;
					};
				};
			};
			buildConfigurationList = DDA6C8771D4525CC00625073 /* Build configuration list for PBXProject "pgorate" */;
			compatibilityVersion = "Xcode 3.2";
			developmentRegion = English;
			hasScannedForEncodings = 0;
			knownRegions = (
				en,
				Base,
			);
			mainGroup = DDA6C8731D4525CC00625073;
			productRefGroup = DDA6C87D1D4525CC00625073 /* Products */;
			projectDirPath = "";
			projectRoot = "";
			targets = (
				DDA6C87B1D4525CC00625073 /* pgorate */,
			);
		};
/* End PBXProject section */

/* Begin PBXResourcesBuildPhase section */
		DDA6C87A1D4525CC00625073 /* Resources */ = {
			isa = PBXResourcesBuildPhase;
			buildActionMask = 2147483647;
			files = (
				DD0A437A1D455D2C005A8A24 /* PokemonData.storyboard in Resources */,
				DDA6C88A1D4525CC00625073 /* LaunchScreen.storyboard in Resources */,
				DDA6C8871D4525CC00625073 /* Assets.xcassets in Resources */,
				DDA6C8851D4525CC00625073 /* Main.storyboard in Resources */,
			);
			runOnlyForDeploymentPostprocessing = 0;
		};
/* End PBXResourcesBuildPhase section */

/* Begin PBXShellScriptBuildPhase section */
		182B6F00B1BD0B57403D12EF /* [CP] Check Pods Manifest.lock */ = {
			isa = PBXShellScriptBuildPhase;
			buildActionMask = 2147483647;
			files = (
			);
			inputPaths = (
			);
			name = "[CP] Check Pods Manifest.lock";
			outputPaths = (
			);
			runOnlyForDeploymentPostprocessing = 0;
			shellPath = /bin/sh;
			shellScript = "diff \"${PODS_ROOT}/../Podfile.lock\" \"${PODS_ROOT}/Manifest.lock\" > /dev/null\nif [[ $? != 0 ]] ; then\n    cat << EOM\nerror: The sandbox is not in sync with the Podfile.lock. Run 'pod install' or update your CocoaPods installation.\nEOM\n    exit 1\nfi\n";
			showEnvVarsInLog = 0;
		};
		51C7D76E894970287462A5A8 /* [CP] Copy Pods Resources */ = {
			isa = PBXShellScriptBuildPhase;
			buildActionMask = 2147483647;
			files = (
			);
			inputPaths = (
			);
			name = "[CP] Copy Pods Resources";
			outputPaths = (
			);
			runOnlyForDeploymentPostprocessing = 0;
			shellPath = /bin/sh;
			shellScript = "\"${SRCROOT}/Pods/Target Support Files/Pods-pgorate/Pods-pgorate-resources.sh\"\n";
			showEnvVarsInLog = 0;
		};
		6507C7A8801E5280A1C77B13 /* [CP] Embed Pods Frameworks */ = {
			isa = PBXShellScriptBuildPhase;
			buildActionMask = 2147483647;
			files = (
			);
			inputPaths = (
			);
			name = "[CP] Embed Pods Frameworks";
			outputPaths = (
			);
			runOnlyForDeploymentPostprocessing = 0;
			shellPath = /bin/sh;
			shellScript = "\"${SRCROOT}/Pods/Target Support Files/Pods-pgorate/Pods-pgorate-frameworks.sh\"\n";
			showEnvVarsInLog = 0;
		};
/* End PBXShellScriptBuildPhase section */

/* Begin PBXSourcesBuildPhase section */
		DDA6C8781D4525CC00625073 /* Sources */ = {
			isa = PBXSourcesBuildPhase;
			buildActionMask = 2147483647;
			files = (
				DD0A437C1D456035005A8A24 /* PokemonDataTableViewController.swift in Sources */,
				DDACB2AD1D4545D400B1E049 /* ViewController+Auth+PGOApi.swift in Sources */,
				DDFD69711D53BFFC00DABE34 /* PokemonDataTableViewController+PGoApiDeligate.swift in Sources */,
				DDFD696D1D527B5D00DABE34 /* SettingsViewController.swift in Sources */,
				DDA6C8821D4525CC00625073 /* ViewController.swift in Sources */,
				DDFD696F1D5285DF00DABE34 /* UserDefaultsKeys.swift in Sources */,
				DD0A43801D456B1C005A8A24 /* PokemonTableViewCell.swift in Sources */,
				DDA6C8801D4525CC00625073 /* AppDelegate.swift in Sources */,
				DD0A437E1D45637A005A8A24 /* PokemonDataViewController.swift in Sources */,
			);
			runOnlyForDeploymentPostprocessing = 0;
		};
/* End PBXSourcesBuildPhase section */

/* Begin PBXVariantGroup section */
		DDA6C8831D4525CC00625073 /* Main.storyboard */ = {
			isa = PBXVariantGroup;
			children = (
				DDA6C8841D4525CC00625073 /* Base */,
			);
			name = Main.storyboard;
			sourceTree = "<group>";
		};
		DDA6C8881D4525CC00625073 /* LaunchScreen.storyboard */ = {
			isa = PBXVariantGroup;
			children = (
				DDA6C8891D4525CC00625073 /* Base */,
			);
			name = LaunchScreen.storyboard;
			sourceTree = "<group>";
		};
/* End PBXVariantGroup section */

/* Begin XCBuildConfiguration section */
		DDA6C88C1D4525CC00625073 /* Debug */ = {
			isa = XCBuildConfiguration;
			buildSettings = {
				ALWAYS_SEARCH_USER_PATHS = NO;
				CLANG_ANALYZER_NONNULL = YES;
				CLANG_CXX_LANGUAGE_STANDARD = "gnu++0x";
				CLANG_CXX_LIBRARY = "libc++";
				CLANG_ENABLE_MODULES = YES;
				CLANG_ENABLE_OBJC_ARC = YES;
				CLANG_WARN_BOOL_CONVERSION = YES;
				CLANG_WARN_CONSTANT_CONVERSION = YES;
				CLANG_WARN_DIRECT_OBJC_ISA_USAGE = YES_ERROR;
				CLANG_WARN_EMPTY_BODY = YES;
				CLANG_WARN_ENUM_CONVERSION = YES;
				CLANG_WARN_INT_CONVERSION = YES;
				CLANG_WARN_OBJC_ROOT_CLASS = YES_ERROR;
				CLANG_WARN_UNREACHABLE_CODE = YES;
				CLANG_WARN__DUPLICATE_METHOD_MATCH = YES;
				"CODE_SIGN_IDENTITY[sdk=iphoneos*]" = "iPhone Developer";
				COPY_PHASE_STRIP = NO;
				DEBUG_INFORMATION_FORMAT = dwarf;
				ENABLE_STRICT_OBJC_MSGSEND = YES;
				ENABLE_TESTABILITY = YES;
				GCC_C_LANGUAGE_STANDARD = gnu99;
				GCC_DYNAMIC_NO_PIC = NO;
				GCC_NO_COMMON_BLOCKS = YES;
				GCC_OPTIMIZATION_LEVEL = 0;
				GCC_PREPROCESSOR_DEFINITIONS = (
					"DEBUG=1",
					"$(inherited)",
				);
				GCC_WARN_64_TO_32_BIT_CONVERSION = YES;
				GCC_WARN_ABOUT_RETURN_TYPE = YES_ERROR;
				GCC_WARN_UNDECLARED_SELECTOR = YES;
				GCC_WARN_UNINITIALIZED_AUTOS = YES_AGGRESSIVE;
				GCC_WARN_UNUSED_FUNCTION = YES;
				GCC_WARN_UNUSED_VARIABLE = YES;
				IPHONEOS_DEPLOYMENT_TARGET = 9.3;
				MTL_ENABLE_DEBUG_INFO = YES;
				ONLY_ACTIVE_ARCH = YES;
				SDKROOT = iphoneos;
				SWIFT_OPTIMIZATION_LEVEL = "-Onone";
			};
			name = Debug;
		};
		DDA6C88D1D4525CC00625073 /* Release */ = {
			isa = XCBuildConfiguration;
			buildSettings = {
				ALWAYS_SEARCH_USER_PATHS = NO;
				CLANG_ANALYZER_NONNULL = YES;
				CLANG_CXX_LANGUAGE_STANDARD = "gnu++0x";
				CLANG_CXX_LIBRARY = "libc++";
				CLANG_ENABLE_MODULES = YES;
				CLANG_ENABLE_OBJC_ARC = YES;
				CLANG_WARN_BOOL_CONVERSION = YES;
				CLANG_WARN_CONSTANT_CONVERSION = YES;
				CLANG_WARN_DIRECT_OBJC_ISA_USAGE = YES_ERROR;
				CLANG_WARN_EMPTY_BODY = YES;
				CLANG_WARN_ENUM_CONVERSION = YES;
				CLANG_WARN_INT_CONVERSION = YES;
				CLANG_WARN_OBJC_ROOT_CLASS = YES_ERROR;
				CLANG_WARN_UNREACHABLE_CODE = YES;
				CLANG_WARN__DUPLICATE_METHOD_MATCH = YES;
				"CODE_SIGN_IDENTITY[sdk=iphoneos*]" = "iPhone Developer";
				COPY_PHASE_STRIP = NO;
				DEBUG_INFORMATION_FORMAT = "dwarf-with-dsym";
				ENABLE_NS_ASSERTIONS = NO;
				ENABLE_STRICT_OBJC_MSGSEND = YES;
				GCC_C_LANGUAGE_STANDARD = gnu99;
				GCC_NO_COMMON_BLOCKS = YES;
				GCC_WARN_64_TO_32_BIT_CONVERSION = YES;
				GCC_WARN_ABOUT_RETURN_TYPE = YES_ERROR;
				GCC_WARN_UNDECLARED_SELECTOR = YES;
				GCC_WARN_UNINITIALIZED_AUTOS = YES_AGGRESSIVE;
				GCC_WARN_UNUSED_FUNCTION = YES;
				GCC_WARN_UNUSED_VARIABLE = YES;
				IPHONEOS_DEPLOYMENT_TARGET = 9.3;
				MTL_ENABLE_DEBUG_INFO = NO;
				SDKROOT = iphoneos;
				VALIDATE_PRODUCT = YES;
			};
			name = Release;
		};
		DDA6C88F1D4525CC00625073 /* Debug */ = {
			isa = XCBuildConfiguration;
			baseConfigurationReference = A5DB97610363581C41845D82 /* Pods-pgorate.debug.xcconfig */;
			buildSettings = {
				ASSETCATALOG_COMPILER_APPICON_NAME = AppIcon;
				INFOPLIST_FILE = pgorate/Info.plist;
				IPHONEOS_DEPLOYMENT_TARGET = 9.0;
				LD_RUNPATH_SEARCH_PATHS = "$(inherited) @executable_path/Frameworks";
				PRODUCT_BUNDLE_IDENTIFIER = uk.heria.rowell.pgorate;
				PRODUCT_NAME = "PokéRate";
			};
			name = Debug;
		};
		DDA6C8901D4525CC00625073 /* Release */ = {
			isa = XCBuildConfiguration;
			baseConfigurationReference = 3D29997F3666A4AC18821FBD /* Pods-pgorate.release.xcconfig */;
			buildSettings = {
				ASSETCATALOG_COMPILER_APPICON_NAME = AppIcon;
				INFOPLIST_FILE = pgorate/Info.plist;
				IPHONEOS_DEPLOYMENT_TARGET = 9.0;
				LD_RUNPATH_SEARCH_PATHS = "$(inherited) @executable_path/Frameworks";
				PRODUCT_BUNDLE_IDENTIFIER = uk.heria.rowell.pgorate;
				PRODUCT_NAME = "PokéRate";
			};
			name = Release;
		};
/* End XCBuildConfiguration section */

/* Begin XCConfigurationList section */
		DDA6C8771D4525CC00625073 /* Build configuration list for PBXProject "pgorate" */ = {
			isa = XCConfigurationList;
			buildConfigurations = (
				DDA6C88C1D4525CC00625073 /* Debug */,
				DDA6C88D1D4525CC00625073 /* Release */,
			);
			defaultConfigurationIsVisible = 0;
			defaultConfigurationName = Release;
		};
		DDA6C88E1D4525CC00625073 /* Build configuration list for PBXNativeTarget "pgorate" */ = {
			isa = XCConfigurationList;
			buildConfigurations = (
				DDA6C88F1D4525CC00625073 /* Debug */,
				DDA6C8901D4525CC00625073 /* Release */,
			);
			defaultConfigurationIsVisible = 0;
			defaultConfigurationName = Release;
		};
/* End XCConfigurationList section */
	};
	rootObject = DDA6C8741D4525CC00625073 /* Project object */;
}
